
Microsoft Visual Studio Solution File, Format Version 12.00
# Visual Studio Version 17
VisualStudioVersion = 17.3.32825.248
MinimumVisualStudioVersion = 10.0.40219.1
Project("{9A19103F-16F7-4668-BE54-9A1E7A4F7556}") = "BTVNPRN211_972022", "BTVNPRN211_972022\BTVNPRN211_972022.csproj", "{617AFF03-E8BA-48A3-B751-35D894391B08}"
EndProject
Project("{9A19103F-16F7-4668-BE54-9A1E7A4F7556}") = "BT", "BT\BT.csproj", "{A7D21373-2C42-45ED-AFC8-15902AF243E1}"
EndProject
Project("{FAE04EC0-301F-11D3-BF4B-00C04F79EFBC}") = "ArrayList9_12_2022", "ArrayList9_12_2022\ArrayList9_12_2022.csproj", "{43495CD3-7F7C-48FF-9A52-A33EA9C3FCF8}"
EndProject
Global
	GlobalSection(SolutionConfigurationPlatforms) = preSolution
		Debug|Any CPU = Debug|Any CPU
		Release|Any CPU = Release|Any CPU
	EndGlobalSection
	GlobalSection(ProjectConfigurationPlatforms) = postSolution
		{617AFF03-E8BA-48A3-B751-35D894391B08}.Debug|Any CPU.ActiveCfg = Debug|Any CPU
		{617AFF03-E8BA-48A3-B751-35D894391B08}.Debug|Any CPU.Build.0 = Debug|Any CPU
		{617AFF03-E8BA-48A3-B751-35D894391B08}.Release|Any CPU.ActiveCfg = Release|Any CPU
		{617AFF03-E8BA-48A3-B751-35D894391B08}.Release|Any CPU.Build.0 = Release|Any CPU
		{A7D21373-2C42-45ED-AFC8-15902AF243E1}.Debug|Any CPU.ActiveCfg = Debug|Any CPU
		{A7D21373-2C42-45ED-AFC8-15902AF243E1}.Debug|Any CPU.Build.0 = Debug|Any CPU
		{A7D21373-2C42-45ED-AFC8-15902AF243E1}.Release|Any CPU.ActiveCfg = Release|Any CPU
		{A7D21373-2C42-45ED-AFC8-15902AF243E1}.Release|Any CPU.Build.0 = Release|Any CPU
		{43495CD3-7F7C-48FF-9A52-A33EA9C3FCF8}.Debug|Any CPU.ActiveCfg = Debug|Any CPU
		{43495CD3-7F7C-48FF-9A52-A33EA9C3FCF8}.Debug|Any CPU.Build.0 = Debug|Any CPU
		{43495CD3-7F7C-48FF-9A52-A33EA9C3FCF8}.Release|Any CPU.ActiveCfg = Release|Any CPU
		{43495CD3-7F7C-48FF-9A52-A33EA9C3FCF8}.Release|Any CPU.Build.0 = Release|Any CPU
	EndGlobalSection
	GlobalSection(SolutionProperties) = preSolution
		HideSolutionNode = FALSE
	EndGlobalSection
	GlobalSection(ExtensibilityGlobals) = postSolution
		SolutionGuid = {5A8E90AB-75A6-4203-A60D-550032D2BD31}
	EndGlobalSection
EndGlobal
